// !$*UTF8*$!
{
	archiveVersion = 1;
	classes = {
	};
	objectVersion = 48;
	objects = {

/* Begin PBXBuildFile section */
		8FB72535A80FC6DCD8C42ECC /* Pods_RealApp.framework in Frameworks */ = {isa = PBXBuildFile; fileRef = 164F97EDA491AC4621648FA4 /* Pods_RealApp.framework */; };
		ED35F00C1F6EBA9F00FA68A5 /* AppDelegate.swift in Sources */ = {isa = PBXBuildFile; fileRef = ED35F00B1F6EBA9F00FA68A5 /* AppDelegate.swift */; };
		ED35F00E1F6EBA9F00FA68A5 /* HomeController.swift in Sources */ = {isa = PBXBuildFile; fileRef = ED35F00D1F6EBA9F00FA68A5 /* HomeController.swift */; };
		ED35F0141F6EBA9F00FA68A5 /* RealApp.xcdatamodeld in Sources */ = {isa = PBXBuildFile; fileRef = ED35F0121F6EBA9F00FA68A5 /* RealApp.xcdatamodeld */; };
		ED35F0161F6EBA9F00FA68A5 /* Assets.xcassets in Resources */ = {isa = PBXBuildFile; fileRef = ED35F0151F6EBA9F00FA68A5 /* Assets.xcassets */; };
		ED35F0211F6EBE9300FA68A5 /* Person.swift in Sources */ = {isa = PBXBuildFile; fileRef = ED35F0201F6EBE9300FA68A5 /* Person.swift */; };
		ED35F0231F6EBF4F00FA68A5 /* Other.swift in Sources */ = {isa = PBXBuildFile; fileRef = ED35F0221F6EBF4F00FA68A5 /* Other.swift */; };
		ED35F0251F6EC1F600FA68A5 /* PersonCell.swift in Sources */ = {isa = PBXBuildFile; fileRef = ED35F0241F6EC1F600FA68A5 /* PersonCell.swift */; };
		ED35F0271F6EC2B700FA68A5 /* BaseCell.swift in Sources */ = {isa = PBXBuildFile; fileRef = ED35F0261F6EC2B700FA68A5 /* BaseCell.swift */; };
		ED35F0291F6EC57000FA68A5 /* Extensions.swift in Sources */ = {isa = PBXBuildFile; fileRef = ED35F0281F6EC57000FA68A5 /* Extensions.swift */; };
		ED88D32E1F93C00600FC4547 /* SeedData.swift in Sources */ = {isa = PBXBuildFile; fileRef = ED88D32D1F93C00600FC4547 /* SeedData.swift */; };
		EDAFFBE11F93D68100161B00 /* ListController.swift in Sources */ = {isa = PBXBuildFile; fileRef = EDAFFBE01F93D68100161B00 /* ListController.swift */; };
		EDAFFBE31F93F7D200161B00 /* DigitalSelfController.swift in Sources */ = {isa = PBXBuildFile; fileRef = EDAFFBE21F93F7D200161B00 /* DigitalSelfController.swift */; };
		EDAFFBE51F93F92800161B00 /* DigitalSelfCell.swift in Sources */ = {isa = PBXBuildFile; fileRef = EDAFFBE41F93F92800161B00 /* DigitalSelfCell.swift */; };
		EDD2B7B7202A344E0075CFD4 /* GoogleService-Info.plist in Resources */ = {isa = PBXBuildFile; fileRef = EDD2B7B6202A344D0075CFD4 /* GoogleService-Info.plist */; };
		EDD2B7B9202A35830075CFD4 /* Toast.swift in Sources */ = {isa = PBXBuildFile; fileRef = EDD2B7B8202A35830075CFD4 /* Toast.swift */; };
		EDECB9151FA0963100BC7485 /* PersistenceData.swift in Sources */ = {isa = PBXBuildFile; fileRef = EDECB9141FA0963100BC7485 /* PersistenceData.swift */; };
		EDECB9171FA0BAC700BC7485 /* Helpers.swift in Sources */ = {isa = PBXBuildFile; fileRef = EDECB9161FA0BAC700BC7485 /* Helpers.swift */; };
/* End PBXBuildFile section */

/* Begin PBXFileReference section */
		164F97EDA491AC4621648FA4 /* Pods_RealApp.framework */ = {isa = PBXFileReference; explicitFileType = wrapper.framework; includeInIndex = 0; path = Pods_RealApp.framework; sourceTree = BUILT_PRODUCTS_DIR; };
		278D584B463E9725C2A4DE5A /* Pods-RealApp.release.xcconfig */ = {isa = PBXFileReference; includeInIndex = 1; lastKnownFileType = text.xcconfig; name = "Pods-RealApp.release.xcconfig"; path = "Pods/Target Support Files/Pods-RealApp/Pods-RealApp.release.xcconfig"; sourceTree = "<group>"; };
		2B932DF61E436E2EA8884164 /* Pods-RealApp.debug.xcconfig */ = {isa = PBXFileReference; includeInIndex = 1; lastKnownFileType = text.xcconfig; name = "Pods-RealApp.debug.xcconfig"; path = "Pods/Target Support Files/Pods-RealApp/Pods-RealApp.debug.xcconfig"; sourceTree = "<group>"; };
		ED35F0081F6EBA9F00FA68A5 /* RealApp.app */ = {isa = PBXFileReference; explicitFileType = wrapper.application; includeInIndex = 0; path = RealApp.app; sourceTree = BUILT_PRODUCTS_DIR; };
		ED35F00B1F6EBA9F00FA68A5 /* AppDelegate.swift */ = {isa = PBXFileReference; lastKnownFileType = sourcecode.swift; path = AppDelegate.swift; sourceTree = "<group>"; };
		ED35F00D1F6EBA9F00FA68A5 /* HomeController.swift */ = {isa = PBXFileReference; lastKnownFileType = sourcecode.swift; path = HomeController.swift; sourceTree = "<group>"; };
		ED35F0131F6EBA9F00FA68A5 /* RealApp.xcdatamodel */ = {isa = PBXFileReference; lastKnownFileType = wrapper.xcdatamodel; path = RealApp.xcdatamodel; sourceTree = "<group>"; };
		ED35F0151F6EBA9F00FA68A5 /* Assets.xcassets */ = {isa = PBXFileReference; lastKnownFileType = folder.assetcatalog; path = Assets.xcassets; sourceTree = "<group>"; };
		ED35F01A1F6EBA9F00FA68A5 /* Info.plist */ = {isa = PBXFileReference; lastKnownFileType = text.plist.xml; path = Info.plist; sourceTree = "<group>"; };
		ED35F0201F6EBE9300FA68A5 /* Person.swift */ = {isa = PBXFileReference; lastKnownFileType = sourcecode.swift; path = Person.swift; sourceTree = "<group>"; };
		ED35F0221F6EBF4F00FA68A5 /* Other.swift */ = {isa = PBXFileReference; lastKnownFileType = sourcecode.swift; path = Other.swift; sourceTree = "<group>"; };
		ED35F0241F6EC1F600FA68A5 /* PersonCell.swift */ = {isa = PBXFileReference; lastKnownFileType = sourcecode.swift; path = PersonCell.swift; sourceTree = "<group>"; };
		ED35F0261F6EC2B700FA68A5 /* BaseCell.swift */ = {isa = PBXFileReference; lastKnownFileType = sourcecode.swift; path = BaseCell.swift; sourceTree = "<group>"; };
		ED35F0281F6EC57000FA68A5 /* Extensions.swift */ = {isa = PBXFileReference; lastKnownFileType = sourcecode.swift; path = Extensions.swift; sourceTree = "<group>"; };
		ED88D32D1F93C00600FC4547 /* SeedData.swift */ = {isa = PBXFileReference; lastKnownFileType = sourcecode.swift; path = SeedData.swift; sourceTree = "<group>"; };
		EDAFFBE01F93D68100161B00 /* ListController.swift */ = {isa = PBXFileReference; lastKnownFileType = sourcecode.swift; path = ListController.swift; sourceTree = "<group>"; };
		EDAFFBE21F93F7D200161B00 /* DigitalSelfController.swift */ = {isa = PBXFileReference; lastKnownFileType = sourcecode.swift; path = DigitalSelfController.swift; sourceTree = "<group>"; };
		EDAFFBE41F93F92800161B00 /* DigitalSelfCell.swift */ = {isa = PBXFileReference; lastKnownFileType = sourcecode.swift; path = DigitalSelfCell.swift; sourceTree = "<group>"; };
		EDD2B7B6202A344D0075CFD4 /* GoogleService-Info.plist */ = {isa = PBXFileReference; fileEncoding = 4; lastKnownFileType = text.plist.xml; name = "GoogleService-Info.plist"; path = "../../Keep-it-simple/Keep-it-Simple/GoogleService-Info.plist"; sourceTree = "<group>"; };
		EDD2B7B8202A35830075CFD4 /* Toast.swift */ = {isa = PBXFileReference; fileEncoding = 4; lastKnownFileType = sourcecode.swift; path = Toast.swift; sourceTree = "<group>"; };
		EDECB9141FA0963100BC7485 /* PersistenceData.swift */ = {isa = PBXFileReference; lastKnownFileType = sourcecode.swift; path = PersistenceData.swift; sourceTree = "<group>"; };
		EDECB9161FA0BAC700BC7485 /* Helpers.swift */ = {isa = PBXFileReference; lastKnownFileType = sourcecode.swift; path = Helpers.swift; sourceTree = "<group>"; };
/* End PBXFileReference section */

/* Begin PBXFrameworksBuildPhase section */
		ED35F0051F6EBA9E00FA68A5 /* Frameworks */ = {
			isa = PBXFrameworksBuildPhase;
			buildActionMask = 2147483647;
			files = (
				8FB72535A80FC6DCD8C42ECC /* Pods_RealApp.framework in Frameworks */,
			);
			runOnlyForDeploymentPostprocessing = 0;
		};
/* End PBXFrameworksBuildPhase section */

/* Begin PBXGroup section */
		92C6EEC95281B4C0E91B2C32 /* Pods */ = {
			isa = PBXGroup;
			children = (
				2B932DF61E436E2EA8884164 /* Pods-RealApp.debug.xcconfig */,
				278D584B463E9725C2A4DE5A /* Pods-RealApp.release.xcconfig */,
			);
			name = Pods;
			sourceTree = "<group>";
		};
		E07AAD7A16C4D33E956B4C49 /* Frameworks */ = {
			isa = PBXGroup;
			children = (
				164F97EDA491AC4621648FA4 /* Pods_RealApp.framework */,
			);
			name = Frameworks;
			sourceTree = "<group>";
		};
		ED35EFFF1F6EBA9E00FA68A5 = {
			isa = PBXGroup;
			children = (
				ED35F00A1F6EBA9F00FA68A5 /* RealApp */,
				ED35F0091F6EBA9F00FA68A5 /* Products */,
				92C6EEC95281B4C0E91B2C32 /* Pods */,
				E07AAD7A16C4D33E956B4C49 /* Frameworks */,
			);
			sourceTree = "<group>";
		};
		ED35F0091F6EBA9F00FA68A5 /* Products */ = {
			isa = PBXGroup;
			children = (
				ED35F0081F6EBA9F00FA68A5 /* RealApp.app */,
			);
			name = Products;
			sourceTree = "<group>";
		};
		ED35F00A1F6EBA9F00FA68A5 /* RealApp */ = {
			isa = PBXGroup;
			children = (
				ED35F00B1F6EBA9F00FA68A5 /* AppDelegate.swift */,
				ED35F00D1F6EBA9F00FA68A5 /* HomeController.swift */,
				ED35F0151F6EBA9F00FA68A5 /* Assets.xcassets */,
				ED35F01A1F6EBA9F00FA68A5 /* Info.plist */,
				EDD2B7B6202A344D0075CFD4 /* GoogleService-Info.plist */,
				ED35F0121F6EBA9F00FA68A5 /* RealApp.xcdatamodeld */,
				ED35F0201F6EBE9300FA68A5 /* Person.swift */,
				ED35F0221F6EBF4F00FA68A5 /* Other.swift */,
				ED35F0241F6EC1F600FA68A5 /* PersonCell.swift */,
				ED35F0261F6EC2B700FA68A5 /* BaseCell.swift */,
				ED35F0281F6EC57000FA68A5 /* Extensions.swift */,
				ED88D32D1F93C00600FC4547 /* SeedData.swift */,
				EDAFFBE01F93D68100161B00 /* ListController.swift */,
				EDAFFBE21F93F7D200161B00 /* DigitalSelfController.swift */,
				EDAFFBE41F93F92800161B00 /* DigitalSelfCell.swift */,
				EDECB9141FA0963100BC7485 /* PersistenceData.swift */,
				EDECB9161FA0BAC700BC7485 /* Helpers.swift */,
				EDD2B7B8202A35830075CFD4 /* Toast.swift */,
			);
			path = RealApp;
			sourceTree = "<group>";
		};
/* End PBXGroup section */

/* Begin PBXNativeTarget section */
		ED35F0071F6EBA9E00FA68A5 /* RealApp */ = {
			isa = PBXNativeTarget;
			buildConfigurationList = ED35F01D1F6EBA9F00FA68A5 /* Build configuration list for PBXNativeTarget "RealApp" */;
			buildPhases = (
				4641C0E95675D780CB9E268E /* [CP] Check Pods Manifest.lock */,
				ED35F0041F6EBA9E00FA68A5 /* Sources */,
				ED35F0051F6EBA9E00FA68A5 /* Frameworks */,
				ED35F0061F6EBA9E00FA68A5 /* Resources */,
				579ED7D2A363495DE0832FF3 /* [CP] Embed Pods Frameworks */,
				28082085FFD8B6C45B33F6F1 /* [CP] Copy Pods Resources */,
			);
			buildRules = (
			);
			dependencies = (
			);
			name = RealApp;
			productName = RealApp;
			productReference = ED35F0081F6EBA9F00FA68A5 /* RealApp.app */;
			productType = "com.apple.product-type.application";
		};
/* End PBXNativeTarget section */

/* Begin PBXProject section */
		ED35F0001F6EBA9E00FA68A5 /* Project object */ = {
			isa = PBXProject;
			attributes = {
				LastSwiftUpdateCheck = 0900;
				LastUpgradeCheck = 0900;
				ORGANIZATIONNAME = Fernando;
				TargetAttributes = {
					ED35F0071F6EBA9E00FA68A5 = {
						CreatedOnToolsVersion = 9.0;
					};
				};
			};
			buildConfigurationList = ED35F0031F6EBA9E00FA68A5 /* Build configuration list for PBXProject "RealApp" */;
			compatibilityVersion = "Xcode 8.0";
			developmentRegion = en;
			hasScannedForEncodings = 0;
			knownRegions = (
				en,
				Base,
			);
			mainGroup = ED35EFFF1F6EBA9E00FA68A5;
			productRefGroup = ED35F0091F6EBA9F00FA68A5 /* Products */;
			projectDirPath = "";
			projectRoot = "";
			targets = (
				ED35F0071F6EBA9E00FA68A5 /* RealApp */,
			);
		};
/* End PBXProject section */

/* Begin PBXResourcesBuildPhase section */
		ED35F0061F6EBA9E00FA68A5 /* Resources */ = {
			isa = PBXResourcesBuildPhase;
			buildActionMask = 2147483647;
			files = (
				ED35F0161F6EBA9F00FA68A5 /* Assets.xcassets in Resources */,
				EDD2B7B7202A344E0075CFD4 /* GoogleService-Info.plist in Resources */,
			);
			runOnlyForDeploymentPostprocessing = 0;
		};
/* End PBXResourcesBuildPhase section */

/* Begin PBXShellScriptBuildPhase section */
		28082085FFD8B6C45B33F6F1 /* [CP] Copy Pods Resources */ = {
			isa = PBXShellScriptBuildPhase;
			buildActionMask = 2147483647;
			files = (
			);
			inputPaths = (
			);
			name = "[CP] Copy Pods Resources";
			outputPaths = (
			);
			runOnlyForDeploymentPostprocessing = 0;
			shellPath = /bin/sh;
			shellScript = "\"${SRCROOT}/Pods/Target Support Files/Pods-RealApp/Pods-RealApp-resources.sh\"\n";
			showEnvVarsInLog = 0;
		};
		4641C0E95675D780CB9E268E /* [CP] Check Pods Manifest.lock */ = {
			isa = PBXShellScriptBuildPhase;
			buildActionMask = 2147483647;
			files = (
			);
			inputPaths = (
				"${PODS_PODFILE_DIR_PATH}/Podfile.lock",
				"${PODS_ROOT}/Manifest.lock",
			);
			name = "[CP] Check Pods Manifest.lock";
			outputPaths = (
				"$(DERIVED_FILE_DIR)/Pods-RealApp-checkManifestLockResult.txt",
			);
			runOnlyForDeploymentPostprocessing = 0;
			shellPath = /bin/sh;
			shellScript = "diff \"${PODS_PODFILE_DIR_PATH}/Podfile.lock\" \"${PODS_ROOT}/Manifest.lock\" > /dev/null\nif [ $? != 0 ] ; then\n    # print error to STDERR\n    echo \"error: The sandbox is not in sync with the Podfile.lock. Run 'pod install' or update your CocoaPods installation.\" >&2\n    exit 1\nfi\n# This output is used by Xcode 'outputs' to avoid re-running this script phase.\necho \"SUCCESS\" > \"${SCRIPT_OUTPUT_FILE_0}\"\n";
			showEnvVarsInLog = 0;
		};
		579ED7D2A363495DE0832FF3 /* [CP] Embed Pods Frameworks */ = {
			isa = PBXShellScriptBuildPhase;
			buildActionMask = 2147483647;
			files = (
			);
			inputPaths = (
				"${SRCROOT}/Pods/Target Support Files/Pods-RealApp/Pods-RealApp-frameworks.sh",
				"${BUILT_PRODUCTS_DIR}/GoogleToolboxForMac/GoogleToolboxForMac.framework",
				"${BUILT_PRODUCTS_DIR}/leveldb-library/leveldb.framework",
				"${BUILT_PRODUCTS_DIR}/nanopb/nanopb.framework",
			);
			name = "[CP] Embed Pods Frameworks";
			outputPaths = (
				"${TARGET_BUILD_DIR}/${FRAMEWORKS_FOLDER_PATH}/GoogleToolboxForMac.framework",
				"${TARGET_BUILD_DIR}/${FRAMEWORKS_FOLDER_PATH}/leveldb.framework",
				"${TARGET_BUILD_DIR}/${FRAMEWORKS_FOLDER_PATH}/nanopb.framework",
			);
			runOnlyForDeploymentPostprocessing = 0;
			shellPath = /bin/sh;
			shellScript = "\"${SRCROOT}/Pods/Target Support Files/Pods-RealApp/Pods-RealApp-frameworks.sh\"\n";
			showEnvVarsInLog = 0;
		};
/* End PBXShellScriptBuildPhase section */

/* Begin PBXSourcesBuildPhase section */
		ED35F0041F6EBA9E00FA68A5 /* Sources */ = {
			isa = PBXSourcesBuildPhase;
			buildActionMask = 2147483647;
			files = (
				ED35F0251F6EC1F600FA68A5 /* PersonCell.swift in Sources */,
				EDD2B7B9202A35830075CFD4 /* Toast.swift in Sources */,
				EDECB9151FA0963100BC7485 /* PersistenceData.swift in Sources */,
				EDAFFBE11F93D68100161B00 /* ListController.swift in Sources */,
				ED35F00E1F6EBA9F00FA68A5 /* HomeController.swift in Sources */,
				EDAFFBE31F93F7D200161B00 /* DigitalSelfController.swift in Sources */,
				ED35F00C1F6EBA9F00FA68A5 /* AppDelegate.swift in Sources */,
				ED35F0291F6EC57000FA68A5 /* Extensions.swift in Sources */,
				ED35F0231F6EBF4F00FA68A5 /* Other.swift in Sources */,
				ED35F0271F6EC2B700FA68A5 /* BaseCell.swift in Sources */,
				EDAFFBE51F93F92800161B00 /* DigitalSelfCell.swift in Sources */,
				ED35F0211F6EBE9300FA68A5 /* Person.swift in Sources */,
				ED35F0141F6EBA9F00FA68A5 /* RealApp.xcdatamodeld in Sources */,
				EDECB9171FA0BAC700BC7485 /* Helpers.swift in Sources */,
				ED88D32E1F93C00600FC4547 /* SeedData.swift in Sources */,
			);
			runOnlyForDeploymentPostprocessing = 0;
		};
/* End PBXSourcesBuildPhase section */

/* Begin XCBuildConfiguration section */
		ED35F01B1F6EBA9F00FA68A5 /* Debug */ = {
			isa = XCBuildConfiguration;
			buildSettings = {
				ALWAYS_SEARCH_USER_PATHS = NO;
				CLANG_ANALYZER_NONNULL = YES;
				CLANG_ANALYZER_NUMBER_OBJECT_CONVERSION = YES_AGGRESSIVE;
				CLANG_CXX_LANGUAGE_STANDARD = "gnu++14";
				CLANG_CXX_LIBRARY = "libc++";
				CLANG_ENABLE_MODULES = YES;
				CLANG_ENABLE_OBJC_ARC = YES;
				CLANG_WARN_BLOCK_CAPTURE_AUTORELEASING = YES;
				CLANG_WARN_BOOL_CONVERSION = YES;
				CLANG_WARN_COMMA = YES;
				CLANG_WARN_CONSTANT_CONVERSION = YES;
				CLANG_WARN_DIRECT_OBJC_ISA_USAGE = YES_ERROR;
				CLANG_WARN_DOCUMENTATION_COMMENTS = YES;
				CLANG_WARN_EMPTY_BODY = YES;
				CLANG_WARN_ENUM_CONVERSION = YES;
				CLANG_WARN_INFINITE_RECURSION = YES;
				CLANG_WARN_INT_CONVERSION = YES;
				CLANG_WARN_OBJC_ROOT_CLASS = YES_ERROR;
				CLANG_WARN_RANGE_LOOP_ANALYSIS = YES;
				CLANG_WARN_STRICT_PROTOTYPES = YES;
				CLANG_WARN_SUSPICIOUS_MOVE = YES;
				CLANG_WARN_UNGUARDED_AVAILABILITY = YES_AGGRESSIVE;
				CLANG_WARN_UNREACHABLE_CODE = YES;
				CLANG_WARN__DUPLICATE_METHOD_MATCH = YES;
				CODE_SIGN_IDENTITY = "iPhone Developer";
				COPY_PHASE_STRIP = NO;
				DEBUG_INFORMATION_FORMAT = dwarf;
				ENABLE_STRICT_OBJC_MSGSEND = YES;
				ENABLE_TESTABILITY = YES;
				GCC_C_LANGUAGE_STANDARD = gnu11;
				GCC_DYNAMIC_NO_PIC = NO;
				GCC_NO_COMMON_BLOCKS = YES;
				GCC_OPTIMIZATION_LEVEL = 0;
				GCC_PREPROCESSOR_DEFINITIONS = (
					"DEBUG=1",
					"$(inherited)",
				);
				GCC_WARN_64_TO_32_BIT_CONVERSION = YES;
				GCC_WARN_ABOUT_RETURN_TYPE = YES_ERROR;
				GCC_WARN_UNDECLARED_SELECTOR = YES;
				GCC_WARN_UNINITIALIZED_AUTOS = YES_AGGRESSIVE;
				GCC_WARN_UNUSED_FUNCTION = YES;
				GCC_WARN_UNUSED_VARIABLE = YES;
				IPHONEOS_DEPLOYMENT_TARGET = 10.0;
				MTL_ENABLE_DEBUG_INFO = YES;
				ONLY_ACTIVE_ARCH = YES;
				SDKROOT = iphoneos;
				SWIFT_ACTIVE_COMPILATION_CONDITIONS = DEBUG;
				SWIFT_OPTIMIZATION_LEVEL = "-Onone";
			};
			name = Debug;
		};
		ED35F01C1F6EBA9F00FA68A5 /* Release */ = {
			isa = XCBuildConfiguration;
			buildSettings = {
				ALWAYS_SEARCH_USER_PATHS = NO;
				CLANG_ANALYZER_NONNULL = YES;
				CLANG_ANALYZER_NUMBER_OBJECT_CONVERSION = YES_AGGRESSIVE;
				CLANG_CXX_LANGUAGE_STANDARD = "gnu++14";
				CLANG_CXX_LIBRARY = "libc++";
				CLANG_ENABLE_MODULES = YES;
				CLANG_ENABLE_OBJC_ARC = YES;
				CLANG_WARN_BLOCK_CAPTURE_AUTORELEASING = YES;
				CLANG_WARN_BOOL_CONVERSION = YES;
				CLANG_WARN_COMMA = YES;
				CLANG_WARN_CONSTANT_CONVERSION = YES;
				CLANG_WARN_DIRECT_OBJC_ISA_USAGE = YES_ERROR;
				CLANG_WARN_DOCUMENTATION_COMMENTS = YES;
				CLANG_WARN_EMPTY_BODY = YES;
				CLANG_WARN_ENUM_CONVERSION = YES;
				CLANG_WARN_INFINITE_RECURSION = YES;
				CLANG_WARN_INT_CONVERSION = YES;
				CLANG_WARN_OBJC_ROOT_CLASS = YES_ERROR;
				CLANG_WARN_RANGE_LOOP_ANALYSIS = YES;
				CLANG_WARN_STRICT_PROTOTYPES = YES;
				CLANG_WARN_SUSPICIOUS_MOVE = YES;
				CLANG_WARN_UNGUARDED_AVAILABILITY = YES_AGGRESSIVE;
				CLANG_WARN_UNREACHABLE_CODE = YES;
				CLANG_WARN__DUPLICATE_METHOD_MATCH = YES;
				CODE_SIGN_IDENTITY = "iPhone Developer";
				COPY_PHASE_STRIP = NO;
				DEBUG_INFORMATION_FORMAT = "dwarf-with-dsym";
				ENABLE_NS_ASSERTIONS = NO;
				ENABLE_STRICT_OBJC_MSGSEND = YES;
				GCC_C_LANGUAGE_STANDARD = gnu11;
				GCC_NO_COMMON_BLOCKS = YES;
				GCC_WARN_64_TO_32_BIT_CONVERSION = YES;
				GCC_WARN_ABOUT_RETURN_TYPE = YES_ERROR;
				GCC_WARN_UNDECLARED_SELECTOR = YES;
				GCC_WARN_UNINITIALIZED_AUTOS = YES_AGGRESSIVE;
				GCC_WARN_UNUSED_FUNCTION = YES;
				GCC_WARN_UNUSED_VARIABLE = YES;
				IPHONEOS_DEPLOYMENT_TARGET = 10.0;
				MTL_ENABLE_DEBUG_INFO = NO;
				SDKROOT = iphoneos;
				SWIFT_OPTIMIZATION_LEVEL = "-Owholemodule";
				VALIDATE_PRODUCT = YES;
			};
			name = Release;
		};
		ED35F01E1F6EBA9F00FA68A5 /* Debug */ = {
			isa = XCBuildConfiguration;
			baseConfigurationReference = 2B932DF61E436E2EA8884164 /* Pods-RealApp.debug.xcconfig */;
			buildSettings = {
				ASSETCATALOG_COMPILER_APPICON_NAME = AppIcon;
				DEVELOPMENT_TEAM = ZXBK6BD56X;
				INFOPLIST_FILE = RealApp/Info.plist;
				IPHONEOS_DEPLOYMENT_TARGET = 10.0;
				LD_RUNPATH_SEARCH_PATHS = "$(inherited) @executable_path/Frameworks";
				PRODUCT_BUNDLE_IDENTIFIER = M.RealApp;
				PRODUCT_NAME = "$(TARGET_NAME)";
				SWIFT_VERSION = 4.0;
				TARGETED_DEVICE_FAMILY = "1,2";
			};
			name = Debug;
		};
		ED35F01F1F6EBA9F00FA68A5 /* Release */ = {
			isa = XCBuildConfiguration;
			baseConfigurationReference = 278D584B463E9725C2A4DE5A /* Pods-RealApp.release.xcconfig */;
			buildSettings = {
				ASSETCATALOG_COMPILER_APPICON_NAME = AppIcon;
				DEVELOPMENT_TEAM = ZXBK6BD56X;
				INFOPLIST_FILE = RealApp/Info.plist;
				IPHONEOS_DEPLOYMENT_TARGET = 10.0;
				LD_RUNPATH_SEARCH_PATHS = "$(inherited) @executable_path/Frameworks";
				PRODUCT_BUNDLE_IDENTIFIER = M.RealApp;
				PRODUCT_NAME = "$(TARGET_NAME)";
				SWIFT_VERSION = 4.0;
				TARGETED_DEVICE_FAMILY = "1,2";
			};
			name = Release;
		};
/* End XCBuildConfiguration section */

/* Begin XCConfigurationList section */
		ED35F0031F6EBA9E00FA68A5 /* Build configuration list for PBXProject "RealApp" */ = {
			isa = XCConfigurationList;
			buildConfigurations = (
				ED35F01B1F6EBA9F00FA68A5 /* Debug */,
				ED35F01C1F6EBA9F00FA68A5 /* Release */,
			);
			defaultConfigurationIsVisible = 0;
			defaultConfigurationName = Release;
		};
		ED35F01D1F6EBA9F00FA68A5 /* Build configuration list for PBXNativeTarget "RealApp" */ = {
			isa = XCConfigurationList;
			buildConfigurations = (
				ED35F01E1F6EBA9F00FA68A5 /* Debug */,
				ED35F01F1F6EBA9F00FA68A5 /* Release */,
			);
			defaultConfigurationIsVisible = 0;
			defaultConfigurationName = Release;
		};
/* End XCConfigurationList section */

/* Begin XCVersionGroup section */
		ED35F0121F6EBA9F00FA68A5 /* RealApp.xcdatamodeld */ = {
			isa = XCVersionGroup;
			children = (
				ED35F0131F6EBA9F00FA68A5 /* RealApp.xcdatamodel */,
			);
			currentVersion = ED35F0131F6EBA9F00FA68A5 /* RealApp.xcdatamodel */;
			path = RealApp.xcdatamodeld;
			sourceTree = "<group>";
			versionGroupType = wrapper.xcdatamodel;
		};
/* End XCVersionGroup section */
	};
	rootObject = ED35F0001F6EBA9E00FA68A5 /* Project object */;
}
